
Microsoft Visual Studio Solution File, Format Version 12.00
# Visual Studio 14
VisualStudioVersion = 14.0.25123.0
MinimumVisualStudioVersion = 10.0.40219.1
Project("{FAE04EC0-301F-11D3-BF4B-00C04F79EFBC}") = "GestionAssurance", "GestionAssurance\GestionAssurance.csproj", "{A6BB3E3F-5BD9-4232-B4A3-C519EAB1A0E5}"
EndProject
Project("{54435603-DBB4-11D2-8724-00A0C9A8B90C}") = "Setup1", "Setup1\Setup1.vdproj", "{14324ECE-E79B-4465-9EC8-F4AF159D37D7}"
EndProject
Global
	GlobalSection(SolutionConfigurationPlatforms) = preSolution
		Debug|Any CPU = Debug|Any CPU
		Release|Any CPU = Release|Any CPU
	EndGlobalSection
	GlobalSection(ProjectConfigurationPlatforms) = postSolution
		{A6BB3E3F-5BD9-4232-B4A3-C519EAB1A0E5}.Debug|Any CPU.ActiveCfg = Debug|Any CPU
		{A6BB3E3F-5BD9-4232-B4A3-C519EAB1A0E5}.Debug|Any CPU.Build.0 = Debug|Any CPU
		{A6BB3E3F-5BD9-4232-B4A3-C519EAB1A0E5}.Release|Any CPU.ActiveCfg = Release|Any CPU
		{A6BB3E3F-5BD9-4232-B4A3-C519EAB1A0E5}.Release|Any CPU.Build.0 = Release|Any CPU
		{14324ECE-E79B-4465-9EC8-F4AF159D37D7}.Debug|Any CPU.ActiveCfg = Debug
		{14324ECE-E79B-4465-9EC8-F4AF159D37D7}.Release|Any CPU.ActiveCfg = Release
	EndGlobalSection
	GlobalSection(SolutionProperties) = preSolution
		HideSolutionNode = FALSE
	EndGlobalSection
EndGlobal
